
Microsoft Visual Studio Solution File, Format Version 12.00
# Visual Studio Version 17
VisualStudioVersion = 17.9.34728.123
MinimumVisualStudioVersion = 10.0.40219.1
Project("{FAE04EC0-301F-11D3-BF4B-00C04F79EFBC}") = "ContosoUniversity", "ContosoUniversity\ContosoUniversity.csproj", "{0FF106C8-C58D-49B1-97FC-3F78849E569E}"
EndProject
Global
	GlobalSection(SolutionConfigurationPlatforms) = preSolution
		Debug|Any CPU = Debug|Any CPU
		Release|Any CPU = Release|Any CPU
	EndGlobalSection
	GlobalSection(ProjectConfigurationPlatforms) = postSolution
		{0FF106C8-C58D-49B1-97FC-3F78849E569E}.Debug|Any CPU.ActiveCfg = Debug|Any CPU
		{0FF106C8-C58D-49B1-97FC-3F78849E569E}.Debug|Any CPU.Build.0 = Debug|Any CPU
		{0FF106C8-C58D-49B1-97FC-3F78849E569E}.Release|Any CPU.ActiveCfg = Release|Any CPU
		{0FF106C8-C58D-49B1-97FC-3F78849E569E}.Release|Any CPU.Build.0 = Release|Any CPU
	EndGlobalSection
	GlobalSection(SolutionProperties) = preSolution
		HideSolutionNode = FALSE
	EndGlobalSection
	GlobalSection(ExtensibilityGlobals) = postSolution
		SolutionGuid = {030FFE3E-1AFC-42F2-B954-31570F29EA4F}
	EndGlobalSection
EndGlobal
